# This file is automatically @generated by Cargo.
# It is not intended for manual editing.
version = 3

[[package]]
name = "ch1"
version = "0.1.0"

[[package]]
name = "ch2"
version = "0.1.0"

[[package]]
name = "ch3"
version = "0.1.0"

[[package]]
name = "ch5"
version = "0.1.0"

[[package]]
name = "ch6"
version = "0.1.0"

[[package]]
name = "ch7"
version = "0.1.0"

[[package]]
name = "ch8"
version = "0.1.0"

[[package]]
name = "ch9"
version = "0.1.0"
